
Microsoft Visual Studio Solution File, Format Version 12.00
# Visual Studio Version 17
VisualStudioVersion = 17.5.002.0
MinimumVisualStudioVersion = 10.0.40219.1
Project("{9A19103F-16F7-4668-BE54-9A1E7A4F7556}") = "WebApiAutores", "WebApiAutores.csproj", "{9C33EF80-ED44-4E18-8D6F-711D71AA26EC}"
EndProject
Global
	GlobalSection(SolutionConfigurationPlatforms) = preSolution
		Debug|Any CPU = Debug|Any CPU
		Release|Any CPU = Release|Any CPU
	EndGlobalSection
	GlobalSection(ProjectConfigurationPlatforms) = postSolution
		{9C33EF80-ED44-4E18-8D6F-711D71AA26EC}.Debug|Any CPU.ActiveCfg = Debug|Any CPU
		{9C33EF80-ED44-4E18-8D6F-711D71AA26EC}.Debug|Any CPU.Build.0 = Debug|Any CPU
		{9C33EF80-ED44-4E18-8D6F-711D71AA26EC}.Release|Any CPU.ActiveCfg = Release|Any CPU
		{9C33EF80-ED44-4E18-8D6F-711D71AA26EC}.Release|Any CPU.Build.0 = Release|Any CPU
	EndGlobalSection
	GlobalSection(SolutionProperties) = preSolution
		HideSolutionNode = FALSE
	EndGlobalSection
	GlobalSection(ExtensibilityGlobals) = postSolution
		SolutionGuid = {C4C6130B-1574-4A4C-82CD-2F8540A8A5EE}
	EndGlobalSection
EndGlobal
